
Microsoft Visual Studio Solution File, Format Version 12.00
# Visual Studio Version 16
VisualStudioVersion = 16.0.31613.86
MinimumVisualStudioVersion = 10.0.40219.1
Project("{9A19103F-16F7-4668-BE54-9A1E7A4F7556}") = "OSSim", "OSSim\OSSim.csproj", "{E167633F-B24E-4AB9-8ED1-91A8538D1FD8}"
EndProject
Project("{FAE04EC0-301F-11D3-BF4B-00C04F79EFBC}") = "TestOSSim", "TestOSSim\TestOSSim.csproj", "{3A412C3C-3CE7-471D-A686-11957BCE1757}"
EndProject
Global
	GlobalSection(SolutionConfigurationPlatforms) = preSolution
		Debug|Any CPU = Debug|Any CPU
		Release|Any CPU = Release|Any CPU
	EndGlobalSection
	GlobalSection(ProjectConfigurationPlatforms) = postSolution
		{E167633F-B24E-4AB9-8ED1-91A8538D1FD8}.Debug|Any CPU.ActiveCfg = Debug|Any CPU
		{E167633F-B24E-4AB9-8ED1-91A8538D1FD8}.Debug|Any CPU.Build.0 = Debug|Any CPU
		{E167633F-B24E-4AB9-8ED1-91A8538D1FD8}.Release|Any CPU.ActiveCfg = Release|Any CPU
		{E167633F-B24E-4AB9-8ED1-91A8538D1FD8}.Release|Any CPU.Build.0 = Release|Any CPU
		{3A412C3C-3CE7-471D-A686-11957BCE1757}.Debug|Any CPU.ActiveCfg = Debug|Any CPU
		{3A412C3C-3CE7-471D-A686-11957BCE1757}.Debug|Any CPU.Build.0 = Debug|Any CPU
		{3A412C3C-3CE7-471D-A686-11957BCE1757}.Release|Any CPU.ActiveCfg = Release|Any CPU
		{3A412C3C-3CE7-471D-A686-11957BCE1757}.Release|Any CPU.Build.0 = Release|Any CPU
	EndGlobalSection
	GlobalSection(SolutionProperties) = preSolution
		HideSolutionNode = FALSE
	EndGlobalSection
	GlobalSection(ExtensibilityGlobals) = postSolution
		SolutionGuid = {1F24852F-DE74-4FE0-A0CF-A8452A905274}
	EndGlobalSection
EndGlobal
